{
  "object": {
    "pins": [
      {
        "package": "Lottie",
        "repositoryURL": "https://github.com/airbnb/lottie-ios.git",
        "state": {
          "branch": "master",
          "revision": "b407c1118bbdc5b44e5ed477ecda979a4f00c8ce",
          "version": null
        }
      }
    ]
  },
  "version": 1
}
