{
  "object": {
    "pins": [
      {
        "package": "Lottie",
        "repositoryURL": "https://github.com/airbnb/lottie-ios.git",
        "state": {
          "branch": "master",
          "revision": "0ba8b64d572b37966309bf5705afe8e6aa76b7e0",
          "version": null
        }
      }
    ]
  },
  "version": 1
}
