{
  "object": {
    "pins": [
      {
        "package": "Lottie",
        "repositoryURL": "https://github.com/airbnb/lottie-ios.git",
        "state": {
          "branch": "master",
          "revision": "41b05ddc9b41b4aa728ec8d04f4ff06106503e03",
          "version": null
        }
      },
      {
        "package": "Scroller",
        "repositoryURL": "https://github.com/jasudev/Scroller.git",
        "state": {
          "branch": "main",
          "revision": "fd500bd727ebdbcf0057641c8021067330a446fb",
          "version": null
        }
      }
    ]
  },
  "version": 1
}
